
Microsoft Visual Studio Solution File, Format Version 12.00
# Visual Studio Version 17
VisualStudioVersion = 17.2.32616.157
MinimumVisualStudioVersion = 10.0.40219.1
Project("{9A19103F-16F7-4668-BE54-9A1E7A4F7556}") = "LiftDataManager", "LiftDataManager\LiftDataManager.csproj", "{D6F5751D-7BEE-433D-A1A5-C83B4ABC6B79}"
EndProject
Project("{9A19103F-16F7-4668-BE54-9A1E7A4F7556}") = "LiftDataManager.Core", "LiftDataManager.Core\LiftDataManager.Core.csproj", "{E501AB98-BF33-4C95-A6F5-F31BD9B6A991}"
EndProject
Project("{9A19103F-16F7-4668-BE54-9A1E7A4F7556}") = "LiftDataManager.Tests.MSTest", "LiftDataManager.Tests.MSTest\LiftDataManager.Tests.MSTest.csproj", "{618D6BAD-D5F7-489A-8D79-0D7C47DA89AD}"
EndProject
Global
	GlobalSection(SolutionConfigurationPlatforms) = preSolution
		Debug|Any CPU = Debug|Any CPU
		Debug|arm64 = Debug|arm64
		Debug|x64 = Debug|x64
		Debug|x86 = Debug|x86
		Release|Any CPU = Release|Any CPU
		Release|arm64 = Release|arm64
		Release|x64 = Release|x64
		Release|x86 = Release|x86
	EndGlobalSection
	GlobalSection(ProjectConfigurationPlatforms) = postSolution
		{D6F5751D-7BEE-433D-A1A5-C83B4ABC6B79}.Debug|Any CPU.ActiveCfg = Debug|x64
		{D6F5751D-7BEE-433D-A1A5-C83B4ABC6B79}.Debug|Any CPU.Build.0 = Debug|x64
		{D6F5751D-7BEE-433D-A1A5-C83B4ABC6B79}.Debug|Any CPU.Deploy.0 = Debug|x64
		{D6F5751D-7BEE-433D-A1A5-C83B4ABC6B79}.Debug|arm64.ActiveCfg = Debug|x64
		{D6F5751D-7BEE-433D-A1A5-C83B4ABC6B79}.Debug|arm64.Build.0 = Debug|x64
		{D6F5751D-7BEE-433D-A1A5-C83B4ABC6B79}.Debug|arm64.Deploy.0 = Debug|x64
		{D6F5751D-7BEE-433D-A1A5-C83B4ABC6B79}.Debug|x64.ActiveCfg = Debug|x64
		{D6F5751D-7BEE-433D-A1A5-C83B4ABC6B79}.Debug|x64.Build.0 = Debug|x64
		{D6F5751D-7BEE-433D-A1A5-C83B4ABC6B79}.Debug|x64.Deploy.0 = Debug|x64
		{D6F5751D-7BEE-433D-A1A5-C83B4ABC6B79}.Debug|x86.ActiveCfg = Debug|x86
		{D6F5751D-7BEE-433D-A1A5-C83B4ABC6B79}.Debug|x86.Build.0 = Debug|x86
		{D6F5751D-7BEE-433D-A1A5-C83B4ABC6B79}.Release|Any CPU.ActiveCfg = Release|x64
		{D6F5751D-7BEE-433D-A1A5-C83B4ABC6B79}.Release|Any CPU.Build.0 = Release|x64
		{D6F5751D-7BEE-433D-A1A5-C83B4ABC6B79}.Release|Any CPU.Deploy.0 = Release|x64
		{D6F5751D-7BEE-433D-A1A5-C83B4ABC6B79}.Release|arm64.ActiveCfg = Release|x64
		{D6F5751D-7BEE-433D-A1A5-C83B4ABC6B79}.Release|arm64.Build.0 = Release|x64
		{D6F5751D-7BEE-433D-A1A5-C83B4ABC6B79}.Release|arm64.Deploy.0 = Release|x64
		{D6F5751D-7BEE-433D-A1A5-C83B4ABC6B79}.Release|x64.ActiveCfg = Release|x64
		{D6F5751D-7BEE-433D-A1A5-C83B4ABC6B79}.Release|x64.Build.0 = Release|x64
		{D6F5751D-7BEE-433D-A1A5-C83B4ABC6B79}.Release|x64.Deploy.0 = Release|x64
		{D6F5751D-7BEE-433D-A1A5-C83B4ABC6B79}.Release|x86.ActiveCfg = Release|x86
		{D6F5751D-7BEE-433D-A1A5-C83B4ABC6B79}.Release|x86.Build.0 = Release|x86
		{E501AB98-BF33-4C95-A6F5-F31BD9B6A991}.Debug|Any CPU.ActiveCfg = Debug|x64
		{E501AB98-BF33-4C95-A6F5-F31BD9B6A991}.Debug|Any CPU.Build.0 = Debug|x64
		{E501AB98-BF33-4C95-A6F5-F31BD9B6A991}.Debug|arm64.ActiveCfg = Debug|x64
		{E501AB98-BF33-4C95-A6F5-F31BD9B6A991}.Debug|arm64.Build.0 = Debug|x64
		{E501AB98-BF33-4C95-A6F5-F31BD9B6A991}.Debug|x64.ActiveCfg = Debug|x64
		{E501AB98-BF33-4C95-A6F5-F31BD9B6A991}.Debug|x64.Build.0 = Debug|x64
		{E501AB98-BF33-4C95-A6F5-F31BD9B6A991}.Debug|x86.ActiveCfg = Debug|x86
		{E501AB98-BF33-4C95-A6F5-F31BD9B6A991}.Debug|x86.Build.0 = Debug|x86
		{E501AB98-BF33-4C95-A6F5-F31BD9B6A991}.Release|Any CPU.ActiveCfg = Release|Any CPU
		{E501AB98-BF33-4C95-A6F5-F31BD9B6A991}.Release|Any CPU.Build.0 = Release|Any CPU
		{E501AB98-BF33-4C95-A6F5-F31BD9B6A991}.Release|arm64.ActiveCfg = Release|Any CPU
		{E501AB98-BF33-4C95-A6F5-F31BD9B6A991}.Release|arm64.Build.0 = Release|Any CPU
		{E501AB98-BF33-4C95-A6F5-F31BD9B6A991}.Release|x64.ActiveCfg = Release|x64
		{E501AB98-BF33-4C95-A6F5-F31BD9B6A991}.Release|x64.Build.0 = Release|x64
		{E501AB98-BF33-4C95-A6F5-F31BD9B6A991}.Release|x86.ActiveCfg = Release|x86
		{E501AB98-BF33-4C95-A6F5-F31BD9B6A991}.Release|x86.Build.0 = Release|x86
		{618D6BAD-D5F7-489A-8D79-0D7C47DA89AD}.Debug|Any CPU.ActiveCfg = Debug|x64
		{618D6BAD-D5F7-489A-8D79-0D7C47DA89AD}.Debug|Any CPU.Build.0 = Debug|x64
		{618D6BAD-D5F7-489A-8D79-0D7C47DA89AD}.Debug|arm64.ActiveCfg = Debug|arm64
		{618D6BAD-D5F7-489A-8D79-0D7C47DA89AD}.Debug|arm64.Build.0 = Debug|arm64
		{618D6BAD-D5F7-489A-8D79-0D7C47DA89AD}.Debug|x64.ActiveCfg = Debug|x64
		{618D6BAD-D5F7-489A-8D79-0D7C47DA89AD}.Debug|x64.Build.0 = Debug|x64
		{618D6BAD-D5F7-489A-8D79-0D7C47DA89AD}.Debug|x86.ActiveCfg = Debug|x86
		{618D6BAD-D5F7-489A-8D79-0D7C47DA89AD}.Debug|x86.Build.0 = Debug|x86
		{618D6BAD-D5F7-489A-8D79-0D7C47DA89AD}.Release|Any CPU.ActiveCfg = Release|x64
		{618D6BAD-D5F7-489A-8D79-0D7C47DA89AD}.Release|Any CPU.Build.0 = Release|x64
		{618D6BAD-D5F7-489A-8D79-0D7C47DA89AD}.Release|arm64.ActiveCfg = Release|arm64
		{618D6BAD-D5F7-489A-8D79-0D7C47DA89AD}.Release|arm64.Build.0 = Release|arm64
		{618D6BAD-D5F7-489A-8D79-0D7C47DA89AD}.Release|x64.ActiveCfg = Release|x64
		{618D6BAD-D5F7-489A-8D79-0D7C47DA89AD}.Release|x64.Build.0 = Release|x64
		{618D6BAD-D5F7-489A-8D79-0D7C47DA89AD}.Release|x86.ActiveCfg = Release|x86
		{618D6BAD-D5F7-489A-8D79-0D7C47DA89AD}.Release|x86.Build.0 = Release|x86
	EndGlobalSection
	GlobalSection(SolutionProperties) = preSolution
		HideSolutionNode = FALSE
	EndGlobalSection
	GlobalSection(ExtensibilityGlobals) = postSolution
		SolutionGuid = {F0FEFC9E-9A7F-44C0-832F-222EE5089FB9}
	EndGlobalSection
EndGlobal
