
Microsoft Visual Studio Solution File, Format Version 12.00
# Visual Studio Version 16
VisualStudioVersion = 16.0.31911.196
MinimumVisualStudioVersion = 10.0.40219.1
Project("{C7167F0D-BC9F-4E6E-AFE1-012C56B48DB5}") = "LiftDataManager (Package)", "LiftDataManager (Package)\LiftDataManager (Package).wapproj", "{3FC82B40-7982-4CB9-B170-AFE60297B069}"
EndProject
Project("{9A19103F-16F7-4668-BE54-9A1E7A4F7556}") = "LiftDataManager", "LiftDataManager\LiftDataManager.csproj", "{34CE2217-739F-4DDD-B0FF-C142F5EADB9D}"
EndProject
Project("{9A19103F-16F7-4668-BE54-9A1E7A4F7556}") = "LiftDataManager.Core", "LiftDataManager.Core\LiftDataManager.Core.csproj", "{4E81CB24-C963-42C7-9150-334BF18D7974}"
EndProject
Global
	GlobalSection(SolutionConfigurationPlatforms) = preSolution
		Debug|Any CPU = Debug|Any CPU
		Debug|arm64 = Debug|arm64
		Debug|x64 = Debug|x64
		Debug|x86 = Debug|x86
		Release|Any CPU = Release|Any CPU
		Release|arm64 = Release|arm64
		Release|x64 = Release|x64
		Release|x86 = Release|x86
	EndGlobalSection
	GlobalSection(ProjectConfigurationPlatforms) = postSolution
		{3FC82B40-7982-4CB9-B170-AFE60297B069}.Debug|Any CPU.ActiveCfg = Debug|x86
		{3FC82B40-7982-4CB9-B170-AFE60297B069}.Debug|arm64.ActiveCfg = Debug|arm64
		{3FC82B40-7982-4CB9-B170-AFE60297B069}.Debug|arm64.Build.0 = Debug|arm64
		{3FC82B40-7982-4CB9-B170-AFE60297B069}.Debug|arm64.Deploy.0 = Debug|arm64
		{3FC82B40-7982-4CB9-B170-AFE60297B069}.Debug|x64.ActiveCfg = Debug|x64
		{3FC82B40-7982-4CB9-B170-AFE60297B069}.Debug|x64.Build.0 = Debug|x64
		{3FC82B40-7982-4CB9-B170-AFE60297B069}.Debug|x64.Deploy.0 = Debug|x64
		{3FC82B40-7982-4CB9-B170-AFE60297B069}.Debug|x86.ActiveCfg = Debug|x86
		{3FC82B40-7982-4CB9-B170-AFE60297B069}.Debug|x86.Build.0 = Debug|x86
		{3FC82B40-7982-4CB9-B170-AFE60297B069}.Debug|x86.Deploy.0 = Debug|x86
		{3FC82B40-7982-4CB9-B170-AFE60297B069}.Release|Any CPU.ActiveCfg = Release|x86
		{3FC82B40-7982-4CB9-B170-AFE60297B069}.Release|arm64.ActiveCfg = Release|arm64
		{3FC82B40-7982-4CB9-B170-AFE60297B069}.Release|arm64.Build.0 = Release|arm64
		{3FC82B40-7982-4CB9-B170-AFE60297B069}.Release|arm64.Deploy.0 = Release|arm64
		{3FC82B40-7982-4CB9-B170-AFE60297B069}.Release|x64.ActiveCfg = Release|x64
		{3FC82B40-7982-4CB9-B170-AFE60297B069}.Release|x64.Build.0 = Release|x64
		{3FC82B40-7982-4CB9-B170-AFE60297B069}.Release|x64.Deploy.0 = Release|x64
		{3FC82B40-7982-4CB9-B170-AFE60297B069}.Release|x86.ActiveCfg = Release|x86
		{3FC82B40-7982-4CB9-B170-AFE60297B069}.Release|x86.Build.0 = Release|x86
		{3FC82B40-7982-4CB9-B170-AFE60297B069}.Release|x86.Deploy.0 = Release|x86
		{34CE2217-739F-4DDD-B0FF-C142F5EADB9D}.Debug|Any CPU.ActiveCfg = Debug|x86
		{34CE2217-739F-4DDD-B0FF-C142F5EADB9D}.Debug|arm64.ActiveCfg = Debug|arm64
		{34CE2217-739F-4DDD-B0FF-C142F5EADB9D}.Debug|arm64.Build.0 = Debug|arm64
		{34CE2217-739F-4DDD-B0FF-C142F5EADB9D}.Debug|x64.ActiveCfg = Debug|x64
		{34CE2217-739F-4DDD-B0FF-C142F5EADB9D}.Debug|x64.Build.0 = Debug|x64
		{34CE2217-739F-4DDD-B0FF-C142F5EADB9D}.Debug|x86.ActiveCfg = Debug|x86
		{34CE2217-739F-4DDD-B0FF-C142F5EADB9D}.Debug|x86.Build.0 = Debug|x86
		{34CE2217-739F-4DDD-B0FF-C142F5EADB9D}.Release|Any CPU.ActiveCfg = Release|x86
		{34CE2217-739F-4DDD-B0FF-C142F5EADB9D}.Release|arm64.ActiveCfg = Release|arm64
		{34CE2217-739F-4DDD-B0FF-C142F5EADB9D}.Release|arm64.Build.0 = Release|arm64
		{34CE2217-739F-4DDD-B0FF-C142F5EADB9D}.Release|x64.ActiveCfg = Release|x64
		{34CE2217-739F-4DDD-B0FF-C142F5EADB9D}.Release|x64.Build.0 = Release|x64
		{34CE2217-739F-4DDD-B0FF-C142F5EADB9D}.Release|x86.ActiveCfg = Release|x86
		{34CE2217-739F-4DDD-B0FF-C142F5EADB9D}.Release|x86.Build.0 = Release|x86
		{4E81CB24-C963-42C7-9150-334BF18D7974}.Debug|Any CPU.ActiveCfg = Debug|Any CPU
		{4E81CB24-C963-42C7-9150-334BF18D7974}.Debug|Any CPU.Build.0 = Debug|Any CPU
		{4E81CB24-C963-42C7-9150-334BF18D7974}.Debug|arm64.ActiveCfg = Debug|Any CPU
		{4E81CB24-C963-42C7-9150-334BF18D7974}.Debug|arm64.Build.0 = Debug|Any CPU
		{4E81CB24-C963-42C7-9150-334BF18D7974}.Debug|x64.ActiveCfg = Debug|x64
		{4E81CB24-C963-42C7-9150-334BF18D7974}.Debug|x64.Build.0 = Debug|x64
		{4E81CB24-C963-42C7-9150-334BF18D7974}.Debug|x86.ActiveCfg = Debug|x86
		{4E81CB24-C963-42C7-9150-334BF18D7974}.Debug|x86.Build.0 = Debug|x86
		{4E81CB24-C963-42C7-9150-334BF18D7974}.Release|Any CPU.ActiveCfg = Release|Any CPU
		{4E81CB24-C963-42C7-9150-334BF18D7974}.Release|Any CPU.Build.0 = Release|Any CPU
		{4E81CB24-C963-42C7-9150-334BF18D7974}.Release|arm64.ActiveCfg = Release|Any CPU
		{4E81CB24-C963-42C7-9150-334BF18D7974}.Release|arm64.Build.0 = Release|Any CPU
		{4E81CB24-C963-42C7-9150-334BF18D7974}.Release|x64.ActiveCfg = Release|x64
		{4E81CB24-C963-42C7-9150-334BF18D7974}.Release|x64.Build.0 = Release|x64
		{4E81CB24-C963-42C7-9150-334BF18D7974}.Release|x86.ActiveCfg = Release|x86
		{4E81CB24-C963-42C7-9150-334BF18D7974}.Release|x86.Build.0 = Release|x86
	EndGlobalSection
	GlobalSection(SolutionProperties) = preSolution
		HideSolutionNode = FALSE
	EndGlobalSection
	GlobalSection(ExtensibilityGlobals) = postSolution
		SolutionGuid = {B9133F9C-6B28-445A-9848-F056FC9B50B9}
	EndGlobalSection
EndGlobal
